
Microsoft Visual Studio Solution File, Format Version 12.00
# Visual Studio Version 17
VisualStudioVersion = 17.4.33103.184
MinimumVisualStudioVersion = 10.0.40219.1
Project("{FAE04EC0-301F-11D3-BF4B-00C04F79EFBC}") = "EncodingFiles", "EncodingFiles\EncodingFiles.csproj", "{20C4AE20-8FD7-49CE-B12B-CEB969E07EA4}"
EndProject
Global
	GlobalSection(SolutionConfigurationPlatforms) = preSolution
		Debug|Any CPU = Debug|Any CPU
		Release|Any CPU = Release|Any CPU
	EndGlobalSection
	GlobalSection(ProjectConfigurationPlatforms) = postSolution
		{20C4AE20-8FD7-49CE-B12B-CEB969E07EA4}.Debug|Any CPU.ActiveCfg = Debug|Any CPU
		{20C4AE20-8FD7-49CE-B12B-CEB969E07EA4}.Debug|Any CPU.Build.0 = Debug|Any CPU
		{20C4AE20-8FD7-49CE-B12B-CEB969E07EA4}.Release|Any CPU.ActiveCfg = Release|Any CPU
		{20C4AE20-8FD7-49CE-B12B-CEB969E07EA4}.Release|Any CPU.Build.0 = Release|Any CPU
	EndGlobalSection
	GlobalSection(SolutionProperties) = preSolution
		HideSolutionNode = FALSE
	EndGlobalSection
	GlobalSection(ExtensibilityGlobals) = postSolution
		SolutionGuid = {2A2FF64F-4235-4828-A06C-F691B39FEB12}
	EndGlobalSection
EndGlobal
